
Microsoft Visual Studio Solution File, Format Version 12.00
# Visual Studio Version 17
VisualStudioVersion = 17.14.36203.30 d17.14
MinimumVisualStudioVersion = 10.0.40219.1
Project("{FAE04EC0-301F-11D3-BF4B-00C04F79EFBC}") = "C#-Ass06", "C#-Ass06\C#-Ass06.csproj", "{7749A378-BB0A-4D51-BF0F-822A536A31E2}"
EndProject
Global
	GlobalSection(SolutionConfigurationPlatforms) = preSolution
		Debug|Any CPU = Debug|Any CPU
		Release|Any CPU = Release|Any CPU
	EndGlobalSection
	GlobalSection(ProjectConfigurationPlatforms) = postSolution
		{7749A378-BB0A-4D51-BF0F-822A536A31E2}.Debug|Any CPU.ActiveCfg = Debug|Any CPU
		{7749A378-BB0A-4D51-BF0F-822A536A31E2}.Debug|Any CPU.Build.0 = Debug|Any CPU
		{7749A378-BB0A-4D51-BF0F-822A536A31E2}.Release|Any CPU.ActiveCfg = Release|Any CPU
		{7749A378-BB0A-4D51-BF0F-822A536A31E2}.Release|Any CPU.Build.0 = Release|Any CPU
	EndGlobalSection
	GlobalSection(SolutionProperties) = preSolution
		HideSolutionNode = FALSE
	EndGlobalSection
	GlobalSection(ExtensibilityGlobals) = postSolution
		SolutionGuid = {90CE0E93-9DCC-4C5A-8A44-B75FF1F89A5C}
	EndGlobalSection
EndGlobal
